// !$*UTF8*$!
{
	archiveVersion = 1;
	classes = {
	};
	objectVersion = 55;
	objects = {

/* Begin PBXBuildFile section */
		839F93CE27C88BE50060541C /* WorkoutTrackingApp.swift in Sources */ = {isa = PBXBuildFile; fileRef = 839F93CD27C88BE50060541C /* WorkoutTrackingApp.swift */; };
		839F93D027C88BE50060541C /* ContentView.swift in Sources */ = {isa = PBXBuildFile; fileRef = 839F93CF27C88BE50060541C /* ContentView.swift */; };
		839F93D227C88BE60060541C /* Assets.xcassets in Resources */ = {isa = PBXBuildFile; fileRef = 839F93D127C88BE60060541C /* Assets.xcassets */; };
		839F93D527C88BE60060541C /* Preview Assets.xcassets in Resources */ = {isa = PBXBuildFile; fileRef = 839F93D427C88BE60060541C /* Preview Assets.xcassets */; };
		839F93DE27C88C350060541C /* Workout.swift in Sources */ = {isa = PBXBuildFile; fileRef = 839F93DD27C88C350060541C /* Workout.swift */; };
		839F93E027C88C510060541C /* Set.swift in Sources */ = {isa = PBXBuildFile; fileRef = 839F93DF27C88C510060541C /* Set.swift */; };
		839F93E227C88DF50060541C /* AddWorkoutView.swift in Sources */ = {isa = PBXBuildFile; fileRef = 839F93E127C88DF50060541C /* AddWorkoutView.swift */; };
		839F93E827C8A3C40060541C /* WorkoutDetailsView.swift in Sources */ = {isa = PBXBuildFile; fileRef = 839F93E727C8A3C40060541C /* WorkoutDetailsView.swift */; };
		839F93EA27C8A7370060541C /* RoutineView.swift in Sources */ = {isa = PBXBuildFile; fileRef = 839F93E927C8A7370060541C /* RoutineView.swift */; };
		839F93EC27C8A7950060541C /* Routine.swift in Sources */ = {isa = PBXBuildFile; fileRef = 839F93EB27C8A7950060541C /* Routine.swift */; };
		839F93EE27C8A8BD0060541C /* WorkoutsView.swift in Sources */ = {isa = PBXBuildFile; fileRef = 839F93ED27C8A8BD0060541C /* WorkoutsView.swift */; };
		839F93F227C8AA4A0060541C /* AddRoutineView.swift in Sources */ = {isa = PBXBuildFile; fileRef = 839F93F127C8AA4A0060541C /* AddRoutineView.swift */; };
		839F93F427C8AC3C0060541C /* RoutineDetailsView.swift in Sources */ = {isa = PBXBuildFile; fileRef = 839F93F327C8AC3C0060541C /* RoutineDetailsView.swift */; };
/* End PBXBuildFile section */

/* Begin PBXFileReference section */
		839F93CA27C88BE50060541C /* WorkoutTracking.app */ = {isa = PBXFileReference; explicitFileType = wrapper.application; includeInIndex = 0; path = WorkoutTracking.app; sourceTree = BUILT_PRODUCTS_DIR; };
		839F93CD27C88BE50060541C /* WorkoutTrackingApp.swift */ = {isa = PBXFileReference; lastKnownFileType = sourcecode.swift; path = WorkoutTrackingApp.swift; sourceTree = "<group>"; };
		839F93CF27C88BE50060541C /* ContentView.swift */ = {isa = PBXFileReference; lastKnownFileType = sourcecode.swift; path = ContentView.swift; sourceTree = "<group>"; };
		839F93D127C88BE60060541C /* Assets.xcassets */ = {isa = PBXFileReference; lastKnownFileType = folder.assetcatalog; path = Assets.xcassets; sourceTree = "<group>"; };
		839F93D427C88BE60060541C /* Preview Assets.xcassets */ = {isa = PBXFileReference; lastKnownFileType = folder.assetcatalog; path = "Preview Assets.xcassets"; sourceTree = "<group>"; };
		839F93DD27C88C350060541C /* Workout.swift */ = {isa = PBXFileReference; lastKnownFileType = sourcecode.swift; path = Workout.swift; sourceTree = "<group>"; };
		839F93DF27C88C510060541C /* Set.swift */ = {isa = PBXFileReference; lastKnownFileType = sourcecode.swift; path = Set.swift; sourceTree = "<group>"; };
		839F93E127C88DF50060541C /* AddWorkoutView.swift */ = {isa = PBXFileReference; lastKnownFileType = sourcecode.swift; path = AddWorkoutView.swift; sourceTree = "<group>"; };
		839F93E727C8A3C40060541C /* WorkoutDetailsView.swift */ = {isa = PBXFileReference; lastKnownFileType = sourcecode.swift; path = WorkoutDetailsView.swift; sourceTree = "<group>"; };
		839F93E927C8A7370060541C /* RoutineView.swift */ = {isa = PBXFileReference; lastKnownFileType = sourcecode.swift; path = RoutineView.swift; sourceTree = "<group>"; };
		839F93EB27C8A7950060541C /* Routine.swift */ = {isa = PBXFileReference; lastKnownFileType = sourcecode.swift; path = Routine.swift; sourceTree = "<group>"; };
		839F93ED27C8A8BD0060541C /* WorkoutsView.swift */ = {isa = PBXFileReference; lastKnownFileType = sourcecode.swift; path = WorkoutsView.swift; sourceTree = "<group>"; };
		839F93F127C8AA4A0060541C /* AddRoutineView.swift */ = {isa = PBXFileReference; lastKnownFileType = sourcecode.swift; path = AddRoutineView.swift; sourceTree = "<group>"; };
		839F93F327C8AC3C0060541C /* RoutineDetailsView.swift */ = {isa = PBXFileReference; lastKnownFileType = sourcecode.swift; path = RoutineDetailsView.swift; sourceTree = "<group>"; };
/* End PBXFileReference section */

/* Begin PBXFrameworksBuildPhase section */
		839F93C727C88BE50060541C /* Frameworks */ = {
			isa = PBXFrameworksBuildPhase;
			buildActionMask = 2147483647;
			files = (
			);
			runOnlyForDeploymentPostprocessing = 0;
		};
/* End PBXFrameworksBuildPhase section */

/* Begin PBXGroup section */
		839F93C127C88BE50060541C = {
			isa = PBXGroup;
			children = (
				839F93CC27C88BE50060541C /* WorkoutTracking */,
				839F93CB27C88BE50060541C /* Products */,
			);
			sourceTree = "<group>";
		};
		839F93CB27C88BE50060541C /* Products */ = {
			isa = PBXGroup;
			children = (
				839F93CA27C88BE50060541C /* WorkoutTracking.app */,
			);
			name = Products;
			sourceTree = "<group>";
		};
		839F93CC27C88BE50060541C /* WorkoutTracking */ = {
			isa = PBXGroup;
			children = (
				839F93D327C88BE60060541C /* Preview Content */,
				839F93CD27C88BE50060541C /* WorkoutTrackingApp.swift */,
				839F93D127C88BE60060541C /* Assets.xcassets */,
				839F93DB27C88C0D0060541C /* Views */,
				839F93DC27C88C1A0060541C /* Classes */,
			);
			path = WorkoutTracking;
			sourceTree = "<group>";
		};
		839F93D327C88BE60060541C /* Preview Content */ = {
			isa = PBXGroup;
			children = (
				839F93D427C88BE60060541C /* Preview Assets.xcassets */,
			);
			path = "Preview Content";
			sourceTree = "<group>";
		};
		839F93DB27C88C0D0060541C /* Views */ = {
			isa = PBXGroup;
			children = (
				839F93CF27C88BE50060541C /* ContentView.swift */,
				839F93F527C8B2740060541C /* Routine Views */,
				839F93F627C8B27E0060541C /* Workouts */,
			);
			path = Views;
			sourceTree = "<group>";
		};
		839F93DC27C88C1A0060541C /* Classes */ = {
			isa = PBXGroup;
			children = (
				839F93EB27C8A7950060541C /* Routine.swift */,
				839F93DD27C88C350060541C /* Workout.swift */,
				839F93DF27C88C510060541C /* Set.swift */,
			);
			path = Classes;
			sourceTree = "<group>";
		};
		839F93F527C8B2740060541C /* Routine Views */ = {
			isa = PBXGroup;
			children = (
				839F93E927C8A7370060541C /* RoutineView.swift */,
				839F93F127C8AA4A0060541C /* AddRoutineView.swift */,
				839F93F327C8AC3C0060541C /* RoutineDetailsView.swift */,
			);
			path = "Routine Views";
			sourceTree = "<group>";
		};
		839F93F627C8B27E0060541C /* Workouts */ = {
			isa = PBXGroup;
			children = (
				839F93ED27C8A8BD0060541C /* WorkoutsView.swift */,
				839F93E127C88DF50060541C /* AddWorkoutView.swift */,
				839F93E727C8A3C40060541C /* WorkoutDetailsView.swift */,
			);
			path = Workouts;
			sourceTree = "<group>";
		};
/* End PBXGroup section */

/* Begin PBXNativeTarget section */
		839F93C927C88BE50060541C /* WorkoutTracking */ = {
			isa = PBXNativeTarget;
			buildConfigurationList = 839F93D827C88BE60060541C /* Build configuration list for PBXNativeTarget "WorkoutTracking" */;
			buildPhases = (
				839F93C627C88BE50060541C /* Sources */,
				839F93C727C88BE50060541C /* Frameworks */,
				839F93C827C88BE50060541C /* Resources */,
			);
			buildRules = (
			);
			dependencies = (
			);
			name = WorkoutTracking;
			productName = WorkoutTracking;
			productReference = 839F93CA27C88BE50060541C /* WorkoutTracking.app */;
			productType = "com.apple.product-type.application";
		};
/* End PBXNativeTarget section */

/* Begin PBXProject section */
		839F93C227C88BE50060541C /* Project object */ = {
			isa = PBXProject;
			attributes = {
				BuildIndependentTargetsInParallel = 1;
				LastSwiftUpdateCheck = 1320;
				LastUpgradeCheck = 1320;
				TargetAttributes = {
					839F93C927C88BE50060541C = {
						CreatedOnToolsVersion = 13.2.1;
					};
				};
			};
			buildConfigurationList = 839F93C527C88BE50060541C /* Build configuration list for PBXProject "WorkoutTracking" */;
			compatibilityVersion = "Xcode 13.0";
			developmentRegion = en;
			hasScannedForEncodings = 0;
			knownRegions = (
				en,
				Base,
			);
			mainGroup = 839F93C127C88BE50060541C;
			productRefGroup = 839F93CB27C88BE50060541C /* Products */;
			projectDirPath = "";
			projectRoot = "";
			targets = (
				839F93C927C88BE50060541C /* WorkoutTracking */,
			);
		};
/* End PBXProject section */

/* Begin PBXResourcesBuildPhase section */
		839F93C827C88BE50060541C /* Resources */ = {
			isa = PBXResourcesBuildPhase;
			buildActionMask = 2147483647;
			files = (
				839F93D527C88BE60060541C /* Preview Assets.xcassets in Resources */,
				839F93D227C88BE60060541C /* Assets.xcassets in Resources */,
			);
			runOnlyForDeploymentPostprocessing = 0;
		};
/* End PBXResourcesBuildPhase section */

/* Begin PBXSourcesBuildPhase section */
		839F93C627C88BE50060541C /* Sources */ = {
			isa = PBXSourcesBuildPhase;
			buildActionMask = 2147483647;
			files = (
				839F93F427C8AC3C0060541C /* RoutineDetailsView.swift in Sources */,
				839F93E027C88C510060541C /* Set.swift in Sources */,
				839F93E227C88DF50060541C /* AddWorkoutView.swift in Sources */,
				839F93D027C88BE50060541C /* ContentView.swift in Sources */,
				839F93F227C8AA4A0060541C /* AddRoutineView.swift in Sources */,
				839F93CE27C88BE50060541C /* WorkoutTrackingApp.swift in Sources */,
				839F93DE27C88C350060541C /* Workout.swift in Sources */,
				839F93EC27C8A7950060541C /* Routine.swift in Sources */,
				839F93EE27C8A8BD0060541C /* WorkoutsView.swift in Sources */,
				839F93EA27C8A7370060541C /* RoutineView.swift in Sources */,
				839F93E827C8A3C40060541C /* WorkoutDetailsView.swift in Sources */,
			);
			runOnlyForDeploymentPostprocessing = 0;
		};
/* End PBXSourcesBuildPhase section */

/* Begin XCBuildConfiguration section */
		839F93D627C88BE60060541C /* Debug */ = {
			isa = XCBuildConfiguration;
			buildSettings = {
				ALWAYS_SEARCH_USER_PATHS = NO;
				CLANG_ANALYZER_NONNULL = YES;
				CLANG_ANALYZER_NUMBER_OBJECT_CONVERSION = YES_AGGRESSIVE;
				CLANG_CXX_LANGUAGE_STANDARD = "gnu++17";
				CLANG_CXX_LIBRARY = "libc++";
				CLANG_ENABLE_MODULES = YES;
				CLANG_ENABLE_OBJC_ARC = YES;
				CLANG_ENABLE_OBJC_WEAK = YES;
				CLANG_WARN_BLOCK_CAPTURE_AUTORELEASING = YES;
				CLANG_WARN_BOOL_CONVERSION = YES;
				CLANG_WARN_COMMA = YES;
				CLANG_WARN_CONSTANT_CONVERSION = YES;
				CLANG_WARN_DEPRECATED_OBJC_IMPLEMENTATIONS = YES;
				CLANG_WARN_DIRECT_OBJC_ISA_USAGE = YES_ERROR;
				CLANG_WARN_DOCUMENTATION_COMMENTS = YES;
				CLANG_WARN_EMPTY_BODY = YES;
				CLANG_WARN_ENUM_CONVERSION = YES;
				CLANG_WARN_INFINITE_RECURSION = YES;
				CLANG_WARN_INT_CONVERSION = YES;
				CLANG_WARN_NON_LITERAL_NULL_CONVERSION = YES;
				CLANG_WARN_OBJC_IMPLICIT_RETAIN_SELF = YES;
				CLANG_WARN_OBJC_LITERAL_CONVERSION = YES;
				CLANG_WARN_OBJC_ROOT_CLASS = YES_ERROR;
				CLANG_WARN_QUOTED_INCLUDE_IN_FRAMEWORK_HEADER = YES;
				CLANG_WARN_RANGE_LOOP_ANALYSIS = YES;
				CLANG_WARN_STRICT_PROTOTYPES = YES;
				CLANG_WARN_SUSPICIOUS_MOVE = YES;
				CLANG_WARN_UNGUARDED_AVAILABILITY = YES_AGGRESSIVE;
				CLANG_WARN_UNREACHABLE_CODE = YES;
				CLANG_WARN__DUPLICATE_METHOD_MATCH = YES;
				COPY_PHASE_STRIP = NO;
				DEBUG_INFORMATION_FORMAT = dwarf;
				ENABLE_STRICT_OBJC_MSGSEND = YES;
				ENABLE_TESTABILITY = YES;
				GCC_C_LANGUAGE_STANDARD = gnu11;
				GCC_DYNAMIC_NO_PIC = NO;
				GCC_NO_COMMON_BLOCKS = YES;
				GCC_OPTIMIZATION_LEVEL = 0;
				GCC_PREPROCESSOR_DEFINITIONS = (
					"DEBUG=1",
					"$(inherited)",
				);
				GCC_WARN_64_TO_32_BIT_CONVERSION = YES;
				GCC_WARN_ABOUT_RETURN_TYPE = YES_ERROR;
				GCC_WARN_UNDECLARED_SELECTOR = YES;
				GCC_WARN_UNINITIALIZED_AUTOS = YES_AGGRESSIVE;
				GCC_WARN_UNUSED_FUNCTION = YES;
				GCC_WARN_UNUSED_VARIABLE = YES;
				IPHONEOS_DEPLOYMENT_TARGET = 15.2;
				MTL_ENABLE_DEBUG_INFO = INCLUDE_SOURCE;
				MTL_FAST_MATH = YES;
				ONLY_ACTIVE_ARCH = YES;
				SDKROOT = iphoneos;
				SWIFT_ACTIVE_COMPILATION_CONDITIONS = DEBUG;
				SWIFT_OPTIMIZATION_LEVEL = "-Onone";
			};
			name = Debug;
		};
		839F93D727C88BE60060541C /* Release */ = {
			isa = XCBuildConfiguration;
			buildSettings = {
				ALWAYS_SEARCH_USER_PATHS = NO;
				CLANG_ANALYZER_NONNULL = YES;
				CLANG_ANALYZER_NUMBER_OBJECT_CONVERSION = YES_AGGRESSIVE;
				CLANG_CXX_LANGUAGE_STANDARD = "gnu++17";
				CLANG_CXX_LIBRARY = "libc++";
				CLANG_ENABLE_MODULES = YES;
				CLANG_ENABLE_OBJC_ARC = YES;
				CLANG_ENABLE_OBJC_WEAK = YES;
				CLANG_WARN_BLOCK_CAPTURE_AUTORELEASING = YES;
				CLANG_WARN_BOOL_CONVERSION = YES;
				CLANG_WARN_COMMA = YES;
				CLANG_WARN_CONSTANT_CONVERSION = YES;
				CLANG_WARN_DEPRECATED_OBJC_IMPLEMENTATIONS = YES;
				CLANG_WARN_DIRECT_OBJC_ISA_USAGE = YES_ERROR;
				CLANG_WARN_DOCUMENTATION_COMMENTS = YES;
				CLANG_WARN_EMPTY_BODY = YES;
				CLANG_WARN_ENUM_CONVERSION = YES;
				CLANG_WARN_INFINITE_RECURSION = YES;
				CLANG_WARN_INT_CONVERSION = YES;
				CLANG_WARN_NON_LITERAL_NULL_CONVERSION = YES;
				CLANG_WARN_OBJC_IMPLICIT_RETAIN_SELF = YES;
				CLANG_WARN_OBJC_LITERAL_CONVERSION = YES;
				CLANG_WARN_OBJC_ROOT_CLASS = YES_ERROR;
				CLANG_WARN_QUOTED_INCLUDE_IN_FRAMEWORK_HEADER = YES;
				CLANG_WARN_RANGE_LOOP_ANALYSIS = YES;
				CLANG_WARN_STRICT_PROTOTYPES = YES;
				CLANG_WARN_SUSPICIOUS_MOVE = YES;
				CLANG_WARN_UNGUARDED_AVAILABILITY = YES_AGGRESSIVE;
				CLANG_WARN_UNREACHABLE_CODE = YES;
				CLANG_WARN__DUPLICATE_METHOD_MATCH = YES;
				COPY_PHASE_STRIP = NO;
				DEBUG_INFORMATION_FORMAT = "dwarf-with-dsym";
				ENABLE_NS_ASSERTIONS = NO;
				ENABLE_STRICT_OBJC_MSGSEND = YES;
				GCC_C_LANGUAGE_STANDARD = gnu11;
				GCC_NO_COMMON_BLOCKS = YES;
				GCC_WARN_64_TO_32_BIT_CONVERSION = YES;
				GCC_WARN_ABOUT_RETURN_TYPE = YES_ERROR;
				GCC_WARN_UNDECLARED_SELECTOR = YES;
				GCC_WARN_UNINITIALIZED_AUTOS = YES_AGGRESSIVE;
				GCC_WARN_UNUSED_FUNCTION = YES;
				GCC_WARN_UNUSED_VARIABLE = YES;
				IPHONEOS_DEPLOYMENT_TARGET = 15.2;
				MTL_ENABLE_DEBUG_INFO = NO;
				MTL_FAST_MATH = YES;
				SDKROOT = iphoneos;
				SWIFT_COMPILATION_MODE = wholemodule;
				SWIFT_OPTIMIZATION_LEVEL = "-O";
				VALIDATE_PRODUCT = YES;
			};
			name = Release;
		};
		839F93D927C88BE60060541C /* Debug */ = {
			isa = XCBuildConfiguration;
			buildSettings = {
				ASSETCATALOG_COMPILER_APPICON_NAME = AppIcon;
				ASSETCATALOG_COMPILER_GLOBAL_ACCENT_COLOR_NAME = AccentColor;
				CODE_SIGN_STYLE = Automatic;
				CURRENT_PROJECT_VERSION = 1;
				DEVELOPMENT_ASSET_PATHS = "\"WorkoutTracking/Preview Content\"";
				DEVELOPMENT_TEAM = CRMD47KJ6G;
				ENABLE_PREVIEWS = YES;
				GENERATE_INFOPLIST_FILE = YES;
				INFOPLIST_KEY_UIApplicationSceneManifest_Generation = YES;
				INFOPLIST_KEY_UIApplicationSupportsIndirectInputEvents = YES;
				INFOPLIST_KEY_UILaunchScreen_Generation = YES;
				INFOPLIST_KEY_UISupportedInterfaceOrientations_iPad = "UIInterfaceOrientationPortrait UIInterfaceOrientationPortraitUpsideDown UIInterfaceOrientationLandscapeLeft UIInterfaceOrientationLandscapeRight";
				INFOPLIST_KEY_UISupportedInterfaceOrientations_iPhone = "UIInterfaceOrientationPortrait UIInterfaceOrientationLandscapeLeft UIInterfaceOrientationLandscapeRight";
				LD_RUNPATH_SEARCH_PATHS = (
					"$(inherited)",
					"@executable_path/Frameworks",
				);
				MARKETING_VERSION = 1.0;
				PRODUCT_BUNDLE_IDENTIFIER = com.chrispeloso.WorkoutTracking;
				PRODUCT_NAME = "$(TARGET_NAME)";
				SWIFT_EMIT_LOC_STRINGS = YES;
				SWIFT_VERSION = 5.0;
				TARGETED_DEVICE_FAMILY = "1,2";
			};
			name = Debug;
		};
		839F93DA27C88BE60060541C /* Release */ = {
			isa = XCBuildConfiguration;
			buildSettings = {
				ASSETCATALOG_COMPILER_APPICON_NAME = AppIcon;
				ASSETCATALOG_COMPILER_GLOBAL_ACCENT_COLOR_NAME = AccentColor;
				CODE_SIGN_STYLE = Automatic;
				CURRENT_PROJECT_VERSION = 1;
				DEVELOPMENT_ASSET_PATHS = "\"WorkoutTracking/Preview Content\"";
				DEVELOPMENT_TEAM = CRMD47KJ6G;
				ENABLE_PREVIEWS = YES;
				GENERATE_INFOPLIST_FILE = YES;
				INFOPLIST_KEY_UIApplicationSceneManifest_Generation = YES;
				INFOPLIST_KEY_UIApplicationSupportsIndirectInputEvents = YES;
				INFOPLIST_KEY_UILaunchScreen_Generation = YES;
				INFOPLIST_KEY_UISupportedInterfaceOrientations_iPad = "UIInterfaceOrientationPortrait UIInterfaceOrientationPortraitUpsideDown UIInterfaceOrientationLandscapeLeft UIInterfaceOrientationLandscapeRight";
				INFOPLIST_KEY_UISupportedInterfaceOrientations_iPhone = "UIInterfaceOrientationPortrait UIInterfaceOrientationLandscapeLeft UIInterfaceOrientationLandscapeRight";
				LD_RUNPATH_SEARCH_PATHS = (
					"$(inherited)",
					"@executable_path/Frameworks",
				);
				MARKETING_VERSION = 1.0;
				PRODUCT_BUNDLE_IDENTIFIER = com.chrispeloso.WorkoutTracking;
				PRODUCT_NAME = "$(TARGET_NAME)";
				SWIFT_EMIT_LOC_STRINGS = YES;
				SWIFT_VERSION = 5.0;
				TARGETED_DEVICE_FAMILY = "1,2";
			};
			name = Release;
		};
/* End XCBuildConfiguration section */

/* Begin XCConfigurationList section */
		839F93C527C88BE50060541C /* Build configuration list for PBXProject "WorkoutTracking" */ = {
			isa = XCConfigurationList;
			buildConfigurations = (
				839F93D627C88BE60060541C /* Debug */,
				839F93D727C88BE60060541C /* Release */,
			);
			defaultConfigurationIsVisible = 0;
			defaultConfigurationName = Release;
		};
		839F93D827C88BE60060541C /* Build configuration list for PBXNativeTarget "WorkoutTracking" */ = {
			isa = XCConfigurationList;
			buildConfigurations = (
				839F93D927C88BE60060541C /* Debug */,
				839F93DA27C88BE60060541C /* Release */,
			);
			defaultConfigurationIsVisible = 0;
			defaultConfigurationName = Release;
		};
/* End XCConfigurationList section */
	};
	rootObject = 839F93C227C88BE50060541C /* Project object */;
}
